
Microsoft Visual Studio Solution File, Format Version 12.00
# Visual Studio 15
VisualStudioVersion = 15.0.27130.2024
MinimumVisualStudioVersion = 10.0.40219.1
Project("{FAE04EC0-301F-11D3-BF4B-00C04F79EFBC}") = "QR Code Maker", "QR Code Maker\QR Code Maker.csproj", "{850B0D95-F154-4222-A2BA-2840753CA3C0}"
EndProject
Global
	GlobalSection(SolutionConfigurationPlatforms) = preSolution
		Debug|Any CPU = Debug|Any CPU
		Release|Any CPU = Release|Any CPU
	EndGlobalSection
	GlobalSection(ProjectConfigurationPlatforms) = postSolution
		{850B0D95-F154-4222-A2BA-2840753CA3C0}.Debug|Any CPU.ActiveCfg = Debug|Any CPU
		{850B0D95-F154-4222-A2BA-2840753CA3C0}.Debug|Any CPU.Build.0 = Debug|Any CPU
		{850B0D95-F154-4222-A2BA-2840753CA3C0}.Release|Any CPU.ActiveCfg = Release|Any CPU
		{850B0D95-F154-4222-A2BA-2840753CA3C0}.Release|Any CPU.Build.0 = Release|Any CPU
	EndGlobalSection
	GlobalSection(SolutionProperties) = preSolution
		HideSolutionNode = FALSE
	EndGlobalSection
	GlobalSection(ExtensibilityGlobals) = postSolution
		SolutionGuid = {D7FD8AE3-336F-4BE0-98A2-9D7080376482}
	EndGlobalSection
EndGlobal
